// !$*UTF8*$!
{
	archiveVersion = 1;
	classes = {
	};
	objectVersion = 48;
	objects = {

/* Begin PBXBuildFile section */
		88D609332009B1A3002A2671 /* AppDelegate.swift in Sources */ = {isa = PBXBuildFile; fileRef = 88D609322009B1A3002A2671 /* AppDelegate.swift */; };
		88D609352009B1A3002A2671 /* ViewController.swift in Sources */ = {isa = PBXBuildFile; fileRef = 88D609342009B1A3002A2671 /* ViewController.swift */; };
		88D609382009B1A3002A2671 /* Main.storyboard in Resources */ = {isa = PBXBuildFile; fileRef = 88D609362009B1A3002A2671 /* Main.storyboard */; };
		88D6093B2009B1A3002A2671 /* ARMeasuring.xcdatamodeld in Sources */ = {isa = PBXBuildFile; fileRef = 88D609392009B1A3002A2671 /* ARMeasuring.xcdatamodeld */; };
		88D6093D2009B1A3002A2671 /* Assets.xcassets in Resources */ = {isa = PBXBuildFile; fileRef = 88D6093C2009B1A3002A2671 /* Assets.xcassets */; };
		88D609402009B1A3002A2671 /* LaunchScreen.storyboard in Resources */ = {isa = PBXBuildFile; fileRef = 88D6093E2009B1A3002A2671 /* LaunchScreen.storyboard */; };
/* End PBXBuildFile section */

/* Begin PBXFileReference section */
		88D6092F2009B1A3002A2671 /* ARMeasuring.app */ = {isa = PBXFileReference; explicitFileType = wrapper.application; includeInIndex = 0; path = ARMeasuring.app; sourceTree = BUILT_PRODUCTS_DIR; };
		88D609322009B1A3002A2671 /* AppDelegate.swift */ = {isa = PBXFileReference; lastKnownFileType = sourcecode.swift; path = AppDelegate.swift; sourceTree = "<group>"; };
		88D609342009B1A3002A2671 /* ViewController.swift */ = {isa = PBXFileReference; lastKnownFileType = sourcecode.swift; path = ViewController.swift; sourceTree = "<group>"; };
		88D609372009B1A3002A2671 /* Base */ = {isa = PBXFileReference; lastKnownFileType = file.storyboard; name = Base; path = Base.lproj/Main.storyboard; sourceTree = "<group>"; };
		88D6093A2009B1A3002A2671 /* ARMeasuring.xcdatamodel */ = {isa = PBXFileReference; lastKnownFileType = wrapper.xcdatamodel; path = ARMeasuring.xcdatamodel; sourceTree = "<group>"; };
		88D6093C2009B1A3002A2671 /* Assets.xcassets */ = {isa = PBXFileReference; lastKnownFileType = folder.assetcatalog; path = Assets.xcassets; sourceTree = "<group>"; };
		88D6093F2009B1A3002A2671 /* Base */ = {isa = PBXFileReference; lastKnownFileType = file.storyboard; name = Base; path = Base.lproj/LaunchScreen.storyboard; sourceTree = "<group>"; };
		88D609412009B1A3002A2671 /* Info.plist */ = {isa = PBXFileReference; lastKnownFileType = text.plist.xml; path = Info.plist; sourceTree = "<group>"; };
/* End PBXFileReference section */

/* Begin PBXFrameworksBuildPhase section */
		88D6092C2009B1A3002A2671 /* Frameworks */ = {
			isa = PBXFrameworksBuildPhase;
			buildActionMask = 2147483647;
			files = (
			);
			runOnlyForDeploymentPostprocessing = 0;
		};
/* End PBXFrameworksBuildPhase section */

/* Begin PBXGroup section */
		88D609262009B1A3002A2671 = {
			isa = PBXGroup;
			children = (
				88D609312009B1A3002A2671 /* ARMeasuring */,
				88D609302009B1A3002A2671 /* Products */,
			);
			sourceTree = "<group>";
		};
		88D609302009B1A3002A2671 /* Products */ = {
			isa = PBXGroup;
			children = (
				88D6092F2009B1A3002A2671 /* ARMeasuring.app */,
			);
			name = Products;
			sourceTree = "<group>";
		};
		88D609312009B1A3002A2671 /* ARMeasuring */ = {
			isa = PBXGroup;
			children = (
				88D609322009B1A3002A2671 /* AppDelegate.swift */,
				88D609342009B1A3002A2671 /* ViewController.swift */,
				88D609362009B1A3002A2671 /* Main.storyboard */,
				88D6093C2009B1A3002A2671 /* Assets.xcassets */,
				88D6093E2009B1A3002A2671 /* LaunchScreen.storyboard */,
				88D609412009B1A3002A2671 /* Info.plist */,
				88D609392009B1A3002A2671 /* ARMeasuring.xcdatamodeld */,
			);
			path = ARMeasuring;
			sourceTree = "<group>";
		};
/* End PBXGroup section */

/* Begin PBXNativeTarget section */
		88D6092E2009B1A3002A2671 /* ARMeasuring */ = {
			isa = PBXNativeTarget;
			buildConfigurationList = 88D609442009B1A3002A2671 /* Build configuration list for PBXNativeTarget "ARMeasuring" */;
			buildPhases = (
				88D6092B2009B1A3002A2671 /* Sources */,
				88D6092C2009B1A3002A2671 /* Frameworks */,
				88D6092D2009B1A3002A2671 /* Resources */,
			);
			buildRules = (
			);
			dependencies = (
			);
			name = ARMeasuring;
			productName = ARMeasuring;
			productReference = 88D6092F2009B1A3002A2671 /* ARMeasuring.app */;
			productType = "com.apple.product-type.application";
		};
/* End PBXNativeTarget section */

/* Begin PBXProject section */
		88D609272009B1A3002A2671 /* Project object */ = {
			isa = PBXProject;
			attributes = {
				LastSwiftUpdateCheck = 0910;
				LastUpgradeCheck = 0910;
				ORGANIZATIONNAME = appimas24;
				TargetAttributes = {
					88D6092E2009B1A3002A2671 = {
						CreatedOnToolsVersion = 9.1;
						ProvisioningStyle = Automatic;
					};
				};
			};
			buildConfigurationList = 88D6092A2009B1A3002A2671 /* Build configuration list for PBXProject "ARMeasuring" */;
			compatibilityVersion = "Xcode 8.0";
			developmentRegion = en;
			hasScannedForEncodings = 0;
			knownRegions = (
				en,
				Base,
			);
			mainGroup = 88D609262009B1A3002A2671;
			productRefGroup = 88D609302009B1A3002A2671 /* Products */;
			projectDirPath = "";
			projectRoot = "";
			targets = (
				88D6092E2009B1A3002A2671 /* ARMeasuring */,
			);
		};
/* End PBXProject section */

/* Begin PBXResourcesBuildPhase section */
		88D6092D2009B1A3002A2671 /* Resources */ = {
			isa = PBXResourcesBuildPhase;
			buildActionMask = 2147483647;
			files = (
				88D609402009B1A3002A2671 /* LaunchScreen.storyboard in Resources */,
				88D6093D2009B1A3002A2671 /* Assets.xcassets in Resources */,
				88D609382009B1A3002A2671 /* Main.storyboard in Resources */,
			);
			runOnlyForDeploymentPostprocessing = 0;
		};
/* End PBXResourcesBuildPhase section */

/* Begin PBXSourcesBuildPhase section */
		88D6092B2009B1A3002A2671 /* Sources */ = {
			isa = PBXSourcesBuildPhase;
			buildActionMask = 2147483647;
			files = (
				88D6093B2009B1A3002A2671 /* ARMeasuring.xcdatamodeld in Sources */,
				88D609352009B1A3002A2671 /* ViewController.swift in Sources */,
				88D609332009B1A3002A2671 /* AppDelegate.swift in Sources */,
			);
			runOnlyForDeploymentPostprocessing = 0;
		};
/* End PBXSourcesBuildPhase section */

/* Begin PBXVariantGroup section */
		88D609362009B1A3002A2671 /* Main.storyboard */ = {
			isa = PBXVariantGroup;
			children = (
				88D609372009B1A3002A2671 /* Base */,
			);
			name = Main.storyboard;
			sourceTree = "<group>";
		};
		88D6093E2009B1A3002A2671 /* LaunchScreen.storyboard */ = {
			isa = PBXVariantGroup;
			children = (
				88D6093F2009B1A3002A2671 /* Base */,
			);
			name = LaunchScreen.storyboard;
			sourceTree = "<group>";
		};
/* End PBXVariantGroup section */

/* Begin XCBuildConfiguration section */
		88D609422009B1A3002A2671 /* Debug */ = {
			isa = XCBuildConfiguration;
			buildSettings = {
				ALWAYS_SEARCH_USER_PATHS = NO;
				CLANG_ANALYZER_NONNULL = YES;
				CLANG_ANALYZER_NUMBER_OBJECT_CONVERSION = YES_AGGRESSIVE;
				CLANG_CXX_LANGUAGE_STANDARD = "gnu++14";
				CLANG_CXX_LIBRARY = "libc++";
				CLANG_ENABLE_MODULES = YES;
				CLANG_ENABLE_OBJC_ARC = YES;
				CLANG_WARN_BLOCK_CAPTURE_AUTORELEASING = YES;
				CLANG_WARN_BOOL_CONVERSION = YES;
				CLANG_WARN_COMMA = YES;
				CLANG_WARN_CONSTANT_CONVERSION = YES;
				CLANG_WARN_DIRECT_OBJC_ISA_USAGE = YES_ERROR;
				CLANG_WARN_DOCUMENTATION_COMMENTS = YES;
				CLANG_WARN_EMPTY_BODY = YES;
				CLANG_WARN_ENUM_CONVERSION = YES;
				CLANG_WARN_INFINITE_RECURSION = YES;
				CLANG_WARN_INT_CONVERSION = YES;
				CLANG_WARN_NON_LITERAL_NULL_CONVERSION = YES;
				CLANG_WARN_OBJC_LITERAL_CONVERSION = YES;
				CLANG_WARN_OBJC_ROOT_CLASS = YES_ERROR;
				CLANG_WARN_RANGE_LOOP_ANALYSIS = YES;
				CLANG_WARN_STRICT_PROTOTYPES = YES;
				CLANG_WARN_SUSPICIOUS_MOVE = YES;
				CLANG_WARN_UNGUARDED_AVAILABILITY = YES_AGGRESSIVE;
				CLANG_WARN_UNREACHABLE_CODE = YES;
				CLANG_WARN__DUPLICATE_METHOD_MATCH = YES;
				CODE_SIGN_IDENTITY = "iPhone Developer";
				COPY_PHASE_STRIP = NO;
				DEBUG_INFORMATION_FORMAT = dwarf;
				ENABLE_STRICT_OBJC_MSGSEND = YES;
				ENABLE_TESTABILITY = YES;
				GCC_C_LANGUAGE_STANDARD = gnu11;
				GCC_DYNAMIC_NO_PIC = NO;
				GCC_NO_COMMON_BLOCKS = YES;
				GCC_OPTIMIZATION_LEVEL = 0;
				GCC_PREPROCESSOR_DEFINITIONS = (
					"DEBUG=1",
					"$(inherited)",
				);
				GCC_WARN_64_TO_32_BIT_CONVERSION = YES;
				GCC_WARN_ABOUT_RETURN_TYPE = YES_ERROR;
				GCC_WARN_UNDECLARED_SELECTOR = YES;
				GCC_WARN_UNINITIALIZED_AUTOS = YES_AGGRESSIVE;
				GCC_WARN_UNUSED_FUNCTION = YES;
				GCC_WARN_UNUSED_VARIABLE = YES;
				IPHONEOS_DEPLOYMENT_TARGET = 11.1;
				MTL_ENABLE_DEBUG_INFO = YES;
				ONLY_ACTIVE_ARCH = YES;
				SDKROOT = iphoneos;
				SWIFT_ACTIVE_COMPILATION_CONDITIONS = DEBUG;
				SWIFT_OPTIMIZATION_LEVEL = "-Onone";
			};
			name = Debug;
		};
		88D609432009B1A3002A2671 /* Release */ = {
			isa = XCBuildConfiguration;
			buildSettings = {
				ALWAYS_SEARCH_USER_PATHS = NO;
				CLANG_ANALYZER_NONNULL = YES;
				CLANG_ANALYZER_NUMBER_OBJECT_CONVERSION = YES_AGGRESSIVE;
				CLANG_CXX_LANGUAGE_STANDARD = "gnu++14";
				CLANG_CXX_LIBRARY = "libc++";
				CLANG_ENABLE_MODULES = YES;
				CLANG_ENABLE_OBJC_ARC = YES;
				CLANG_WARN_BLOCK_CAPTURE_AUTORELEASING = YES;
				CLANG_WARN_BOOL_CONVERSION = YES;
				CLANG_WARN_COMMA = YES;
				CLANG_WARN_CONSTANT_CONVERSION = YES;
				CLANG_WARN_DIRECT_OBJC_ISA_USAGE = YES_ERROR;
				CLANG_WARN_DOCUMENTATION_COMMENTS = YES;
				CLANG_WARN_EMPTY_BODY = YES;
				CLANG_WARN_ENUM_CONVERSION = YES;
				CLANG_WARN_INFINITE_RECURSION = YES;
				CLANG_WARN_INT_CONVERSION = YES;
				CLANG_WARN_NON_LITERAL_NULL_CONVERSION = YES;
				CLANG_WARN_OBJC_LITERAL_CONVERSION = YES;
				CLANG_WARN_OBJC_ROOT_CLASS = YES_ERROR;
				CLANG_WARN_RANGE_LOOP_ANALYSIS = YES;
				CLANG_WARN_STRICT_PROTOTYPES = YES;
				CLANG_WARN_SUSPICIOUS_MOVE = YES;
				CLANG_WARN_UNGUARDED_AVAILABILITY = YES_AGGRESSIVE;
				CLANG_WARN_UNREACHABLE_CODE = YES;
				CLANG_WARN__DUPLICATE_METHOD_MATCH = YES;
				CODE_SIGN_IDENTITY = "iPhone Developer";
				COPY_PHASE_STRIP = NO;
				DEBUG_INFORMATION_FORMAT = "dwarf-with-dsym";
				ENABLE_NS_ASSERTIONS = NO;
				ENABLE_STRICT_OBJC_MSGSEND = YES;
				GCC_C_LANGUAGE_STANDARD = gnu11;
				GCC_NO_COMMON_BLOCKS = YES;
				GCC_WARN_64_TO_32_BIT_CONVERSION = YES;
				GCC_WARN_ABOUT_RETURN_TYPE = YES_ERROR;
				GCC_WARN_UNDECLARED_SELECTOR = YES;
				GCC_WARN_UNINITIALIZED_AUTOS = YES_AGGRESSIVE;
				GCC_WARN_UNUSED_FUNCTION = YES;
				GCC_WARN_UNUSED_VARIABLE = YES;
				IPHONEOS_DEPLOYMENT_TARGET = 11.1;
				MTL_ENABLE_DEBUG_INFO = NO;
				SDKROOT = iphoneos;
				SWIFT_OPTIMIZATION_LEVEL = "-Owholemodule";
				VALIDATE_PRODUCT = YES;
			};
			name = Release;
		};
		88D609452009B1A3002A2671 /* Debug */ = {
			isa = XCBuildConfiguration;
			buildSettings = {
				ASSETCATALOG_COMPILER_APPICON_NAME = AppIcon;
				CODE_SIGN_STYLE = Automatic;
				DEVELOPMENT_TEAM = C85HD75Z6W;
				INFOPLIST_FILE = ARMeasuring/Info.plist;
				LD_RUNPATH_SEARCH_PATHS = "$(inherited) @executable_path/Frameworks";
				PRODUCT_BUNDLE_IDENTIFIER = com.appimas24.ARMeasuring;
				PRODUCT_NAME = "$(TARGET_NAME)";
				SWIFT_VERSION = 4.0;
				TARGETED_DEVICE_FAMILY = "1,2";
			};
			name = Debug;
		};
		88D609462009B1A3002A2671 /* Release */ = {
			isa = XCBuildConfiguration;
			buildSettings = {
				ASSETCATALOG_COMPILER_APPICON_NAME = AppIcon;
				CODE_SIGN_STYLE = Automatic;
				DEVELOPMENT_TEAM = C85HD75Z6W;
				INFOPLIST_FILE = ARMeasuring/Info.plist;
				LD_RUNPATH_SEARCH_PATHS = "$(inherited) @executable_path/Frameworks";
				PRODUCT_BUNDLE_IDENTIFIER = com.appimas24.ARMeasuring;
				PRODUCT_NAME = "$(TARGET_NAME)";
				SWIFT_VERSION = 4.0;
				TARGETED_DEVICE_FAMILY = "1,2";
			};
			name = Release;
		};
/* End XCBuildConfiguration section */

/* Begin XCConfigurationList section */
		88D6092A2009B1A3002A2671 /* Build configuration list for PBXProject "ARMeasuring" */ = {
			isa = XCConfigurationList;
			buildConfigurations = (
				88D609422009B1A3002A2671 /* Debug */,
				88D609432009B1A3002A2671 /* Release */,
			);
			defaultConfigurationIsVisible = 0;
			defaultConfigurationName = Release;
		};
		88D609442009B1A3002A2671 /* Build configuration list for PBXNativeTarget "ARMeasuring" */ = {
			isa = XCConfigurationList;
			buildConfigurations = (
				88D609452009B1A3002A2671 /* Debug */,
				88D609462009B1A3002A2671 /* Release */,
			);
			defaultConfigurationIsVisible = 0;
			defaultConfigurationName = Release;
		};
/* End XCConfigurationList section */

/* Begin XCVersionGroup section */
		88D609392009B1A3002A2671 /* ARMeasuring.xcdatamodeld */ = {
			isa = XCVersionGroup;
			children = (
				88D6093A2009B1A3002A2671 /* ARMeasuring.xcdatamodel */,
			);
			currentVersion = 88D6093A2009B1A3002A2671 /* ARMeasuring.xcdatamodel */;
			path = ARMeasuring.xcdatamodeld;
			sourceTree = "<group>";
			versionGroupType = wrapper.xcdatamodel;
		};
/* End XCVersionGroup section */
	};
	rootObject = 88D609272009B1A3002A2671 /* Project object */;
}
